
Microsoft Visual Studio Solution File, Format Version 12.00
# Visual Studio Version 17
VisualStudioVersion = 17.10.34928.147
MinimumVisualStudioVersion = 10.0.40219.1
Project("{FAE04EC0-301F-11D3-BF4B-00C04F79EFBC}") = "Host", "Host\Host.csproj", "{BC56F91A-BD1F-466D-A696-9A270968F9B9}"
EndProject
Project("{FAE04EC0-301F-11D3-BF4B-00C04F79EFBC}") = "Interfaces", "Interfaces\Interfaces.csproj", "{FBE0704E-A5D0-4BE8-8324-3C5861F15FD1}"
EndProject
Project("{FAE04EC0-301F-11D3-BF4B-00C04F79EFBC}") = "Client", "Client\Client.csproj", "{5090A265-BEE4-4969-9181-AB0676EE5B14}"
EndProject
Global
	GlobalSection(SolutionConfigurationPlatforms) = preSolution
		Debug|Any CPU = Debug|Any CPU
		Release|Any CPU = Release|Any CPU
	EndGlobalSection
	GlobalSection(ProjectConfigurationPlatforms) = postSolution
		{BC56F91A-BD1F-466D-A696-9A270968F9B9}.Debug|Any CPU.ActiveCfg = Debug|Any CPU
		{BC56F91A-BD1F-466D-A696-9A270968F9B9}.Debug|Any CPU.Build.0 = Debug|Any CPU
		{BC56F91A-BD1F-466D-A696-9A270968F9B9}.Release|Any CPU.ActiveCfg = Release|Any CPU
		{BC56F91A-BD1F-466D-A696-9A270968F9B9}.Release|Any CPU.Build.0 = Release|Any CPU
		{FBE0704E-A5D0-4BE8-8324-3C5861F15FD1}.Debug|Any CPU.ActiveCfg = Debug|Any CPU
		{FBE0704E-A5D0-4BE8-8324-3C5861F15FD1}.Debug|Any CPU.Build.0 = Debug|Any CPU
		{FBE0704E-A5D0-4BE8-8324-3C5861F15FD1}.Release|Any CPU.ActiveCfg = Release|Any CPU
		{FBE0704E-A5D0-4BE8-8324-3C5861F15FD1}.Release|Any CPU.Build.0 = Release|Any CPU
		{5090A265-BEE4-4969-9181-AB0676EE5B14}.Debug|Any CPU.ActiveCfg = Debug|Any CPU
		{5090A265-BEE4-4969-9181-AB0676EE5B14}.Debug|Any CPU.Build.0 = Debug|Any CPU
		{5090A265-BEE4-4969-9181-AB0676EE5B14}.Release|Any CPU.ActiveCfg = Release|Any CPU
		{5090A265-BEE4-4969-9181-AB0676EE5B14}.Release|Any CPU.Build.0 = Release|Any CPU
	EndGlobalSection
	GlobalSection(SolutionProperties) = preSolution
		HideSolutionNode = FALSE
	EndGlobalSection
	GlobalSection(ExtensibilityGlobals) = postSolution
		SolutionGuid = {246ED4B3-EE95-4120-93DF-D40502675A2B}
	EndGlobalSection
EndGlobal
